
Microsoft Visual Studio Solution File, Format Version 12.00
# Visual Studio Version 17
VisualStudioVersion = 17.8.34330.188
MinimumVisualStudioVersion = 10.0.40219.1
Project("{FAE04EC0-301F-11D3-BF4B-00C04F79EFBC}") = "CalculatorServer", "CalculatorServer\CalculatorServer.csproj", "{F5B9E4EA-E85E-4F6D-82E1-CAC202594838}"
EndProject
Global
	GlobalSection(SolutionConfigurationPlatforms) = preSolution
		Debug|Any CPU = Debug|Any CPU
		Release|Any CPU = Release|Any CPU
	EndGlobalSection
	GlobalSection(ProjectConfigurationPlatforms) = postSolution
		{F5B9E4EA-E85E-4F6D-82E1-CAC202594838}.Debug|Any CPU.ActiveCfg = Debug|Any CPU
		{F5B9E4EA-E85E-4F6D-82E1-CAC202594838}.Debug|Any CPU.Build.0 = Debug|Any CPU
		{F5B9E4EA-E85E-4F6D-82E1-CAC202594838}.Release|Any CPU.ActiveCfg = Release|Any CPU
		{F5B9E4EA-E85E-4F6D-82E1-CAC202594838}.Release|Any CPU.Build.0 = Release|Any CPU
	EndGlobalSection
	GlobalSection(SolutionProperties) = preSolution
		HideSolutionNode = FALSE
	EndGlobalSection
	GlobalSection(ExtensibilityGlobals) = postSolution
		SolutionGuid = {6F157ED7-3C69-419F-9E30-EB19A94CA75F}
	EndGlobalSection
EndGlobal
